
Microsoft Visual Studio Solution File, Format Version 12.00
# Visual Studio 2013
VisualStudioVersion = 12.0.40629.0
MinimumVisualStudioVersion = 10.0.40219.1
Project("{FAE04EC0-301F-11D3-BF4B-00C04F79EFBC}") = "Comp123-S2016-Lesson1B", "Comp123-S2016-Lesson1B\Comp123-S2016-Lesson1B.csproj", "{E93E2A9B-4704-46D1-A925-B2F2271A9D68}"
EndProject
Project("{FAE04EC0-301F-11D3-BF4B-00C04F79EFBC}") = "Lesson1TestProject", "Lesson1TestProject\Lesson1TestProject.csproj", "{F0561D66-3963-4C20-9CD1-94F5AA3B1D53}"
EndProject
Global
	GlobalSection(SolutionConfigurationPlatforms) = preSolution
		Debug|Any CPU = Debug|Any CPU
		Release|Any CPU = Release|Any CPU
	EndGlobalSection
	GlobalSection(ProjectConfigurationPlatforms) = postSolution
		{E93E2A9B-4704-46D1-A925-B2F2271A9D68}.Debug|Any CPU.ActiveCfg = Debug|Any CPU
		{E93E2A9B-4704-46D1-A925-B2F2271A9D68}.Debug|Any CPU.Build.0 = Debug|Any CPU
		{E93E2A9B-4704-46D1-A925-B2F2271A9D68}.Release|Any CPU.ActiveCfg = Release|Any CPU
		{E93E2A9B-4704-46D1-A925-B2F2271A9D68}.Release|Any CPU.Build.0 = Release|Any CPU
		{F0561D66-3963-4C20-9CD1-94F5AA3B1D53}.Debug|Any CPU.ActiveCfg = Debug|Any CPU
		{F0561D66-3963-4C20-9CD1-94F5AA3B1D53}.Debug|Any CPU.Build.0 = Debug|Any CPU
		{F0561D66-3963-4C20-9CD1-94F5AA3B1D53}.Release|Any CPU.ActiveCfg = Release|Any CPU
		{F0561D66-3963-4C20-9CD1-94F5AA3B1D53}.Release|Any CPU.Build.0 = Release|Any CPU
	EndGlobalSection
	GlobalSection(SolutionProperties) = preSolution
		HideSolutionNode = FALSE
	EndGlobalSection
EndGlobal
